# THIS IS AN AUTOGENERATED FILE. DO NOT EDIT THIS FILE DIRECTLY.
# yarn lockfile v1


"@types/node@^12.12.0":
  version "12.20.55"
  resolved "https://registry.npmmirror.com/@types/node/-/node-12.20.55.tgz#c329cbd434c42164f846b909bd6f85b5537f6240"
  integrity sha512-J8xLz7q2OFulZ2cyGTLE1TbbZcjpno7FaN6zdJNrgAdrJ+DZzh/uFR6YrTb4C+nXakvud8Q4+rbhoIWlYQbUFQ==

"@types/vscode@^1.47.0":
  version "1.91.0"
  resolved "https://registry.npmmirror.com/@types/vscode/-/vscode-1.91.0.tgz#badaf9dfca14b08f1ad32fe197558d8d1702c3c9"
  integrity sha512-PgPr+bUODjG3y+ozWUCyzttqR9EHny9sPAfJagddQjDwdtf66y2sDKJMnFZRuzBA2YtBGASqJGPil8VDUPvO6A==

ansi-regex@^5.0.0:
  version "5.0.0"
  resolved "https://registry.npmmirror.com/ansi-regex/-/ansi-regex-5.0.0.tgz#388539f55179bf39339c81af30a654d69f87cb75"
  integrity sha1-OIU59VF5vzkznIGvMKZU1p+Hy3U=

ansi-styles@^4.1.0:
  version "4.3.0"
  resolved "https://registry.npmmirror.com/ansi-styles/-/ansi-styles-4.3.0.tgz#edd803628ae71c04c85ae7a0906edad34b648937"
  integrity sha1-7dgDYornHATIWuegkG7a00tkiTc=
  dependencies:
    color-convert "^2.0.1"

arg@^4.1.0:
  version "4.1.3"
  resolved "https://registry.npmmirror.com/arg/-/arg-4.1.3.tgz#269fc7ad5b8e42cb63c896d5666017261c144089"
  integrity sha1-Jp/HrVuOQstjyJbVZmAXJhwUQIk=

buffer-from@^1.0.0:
  version "1.1.1"
  resolved "https://registry.npmmirror.com/buffer-from/-/buffer-from-1.1.1.tgz#32713bc028f75c02fdb710d7c7bcec1f2c6070ef"
  integrity sha1-MnE7wCj3XAL9txDXx7zsHyxgcO8=

cac@^6.6.1:
  version "6.7.3"
  resolved "https://registry.npmmirror.com/cac/-/cac-6.7.3.tgz?cache=0&sync_timestamp=1619095628836&other_urls=https%3A%2F%2Fregistry.npmmirror.com%2Fcac%2Fdownload%2Fcac-6.7.3.tgz#10410b8611677990cc2e3c8b576d471c1d71b768"
  integrity sha1-EEELhhFneZDMLjyLV21HHB1xt2g=

chalk@^4.1.0:
  version "4.1.1"
  resolved "https://registry.npmmirror.com/chalk/-/chalk-4.1.1.tgz?cache=0&sync_timestamp=1618995297666&other_urls=https%3A%2F%2Fregistry.npmmirror.com%2Fchalk%2Fdownload%2Fchalk-4.1.1.tgz#c80b3fab28bf6371e6863325eee67e618b77e6ad"
  integrity sha1-yAs/qyi/Y3HmhjMl7uZ+YYt35q0=
  dependencies:
    ansi-styles "^4.1.0"
    supports-color "^7.1.0"

cli-spinners@^2.4.0:
  version "2.6.0"
  resolved "https://registry.npmmirror.com/cli-spinners/-/cli-spinners-2.6.0.tgz#36c7dc98fb6a9a76bd6238ec3f77e2425627e939"
  integrity sha1-NsfcmPtqmna9YjjsP3fiQlYn6Tk=

clone@^1.0.2:
  version "1.0.4"
  resolved "https://registry.npmmirror.com/clone/-/clone-1.0.4.tgz#da309cc263df15994c688ca902179ca3c7cd7c7e"
  integrity sha1-2jCcwmPfFZlMaIypAheco8fNfH4=

color-convert@^2.0.1:
  version "2.0.1"
  resolved "https://registry.npmmirror.com/color-convert/-/color-convert-2.0.1.tgz#72d3a68d598c9bdb3af2ad1e84f21d896abd4de3"
  integrity sha1-ctOmjVmMm9s68q0ehPIdiWq9TeM=
  dependencies:
    color-name "~1.1.4"

color-name@~1.1.4:
  version "1.1.4"
  resolved "https://registry.npmmirror.com/color-name/-/color-name-1.1.4.tgz#c2a09a87acbde69543de6f63fa3995c826c536a2"
  integrity sha1-wqCah6y95pVD3m9j+jmVyCbFNqI=

create-require@^1.1.0:
  version "1.1.1"
  resolved "https://registry.npmmirror.com/create-require/-/create-require-1.1.1.tgz?cache=0&sync_timestamp=1606399137064&other_urls=https%3A%2F%2Fregistry.npmmirror.com%2Fcreate-require%2Fdownload%2Fcreate-require-1.1.1.tgz#c1d7e8f1e5f6cfc9ff65f9cd352d37348756c333"
  integrity sha1-wdfo8eX2z8n/ZfnNNS03NIdWwzM=

cross-spawn@^7.0.0:
  version "7.0.3"
  resolved "https://registry.npmmirror.com/cross-spawn/-/cross-spawn-7.0.3.tgz#f73a85b9d5d41d045551c177e2882d4ac85728a6"
  integrity sha1-9zqFudXUHQRVUcF34ogtSshXKKY=
  dependencies:
    path-key "^3.1.0"
    shebang-command "^2.0.0"
    which "^2.0.1"

defaults@^1.0.3:
  version "1.0.3"
  resolved "https://registry.npmmirror.com/defaults/-/defaults-1.0.3.tgz#c656051e9817d9ff08ed881477f3fe4019f3ef7d"
  integrity sha1-xlYFHpgX2f8I7YgUd/P+QBnz730=
  dependencies:
    clone "^1.0.2"

diff@^4.0.1:
  version "4.0.2"
  resolved "https://registry.npmmirror.com/diff/-/diff-4.0.2.tgz?cache=0&sync_timestamp=1604803633979&other_urls=https%3A%2F%2Fregistry.npmmirror.com%2Fdiff%2Fdownload%2Fdiff-4.0.2.tgz#60f3aecb89d5fae520c11aa19efc2bb982aade7d"
  integrity sha1-YPOuy4nV+uUgwRqhnvwruYKq3n0=

end-of-stream@^1.1.0:
  version "1.4.4"
  resolved "https://registry.npmmirror.com/end-of-stream/-/end-of-stream-1.4.4.tgz#5ae64a5f45057baf3626ec14da0ca5e4b2431eb0"
  integrity sha1-WuZKX0UFe682JuwU2gyl5LJDHrA=
  dependencies:
    once "^1.4.0"

escape-string-regexp@^1.0.5:
  version "1.0.5"
  resolved "https://registry.npmmirror.com/escape-string-regexp/-/escape-string-regexp-1.0.5.tgz#1b61c0562190a8dff6ae3bb2cf0200ca130b86d4"
  integrity sha1-G2HAViGQqN/2rjuyzwIAyhMLhtQ=

execa@^4.0.3:
  version "4.1.0"
  resolved "https://registry.npmmirror.com/execa/-/execa-4.1.0.tgz?cache=0&sync_timestamp=1615984418197&other_urls=https%3A%2F%2Fregistry.npmmirror.com%2Fexeca%2Fdownload%2Fexeca-4.1.0.tgz#4e5491ad1572f2f17a77d388c6c857135b22847a"
  integrity sha1-TlSRrRVy8vF6d9OIxshXE1sihHo=
  dependencies:
    cross-spawn "^7.0.0"
    get-stream "^5.0.0"
    human-signals "^1.1.1"
    is-stream "^2.0.0"
    merge-stream "^2.0.0"
    npm-run-path "^4.0.0"
    onetime "^5.1.0"
    signal-exit "^3.0.2"
    strip-final-newline "^2.0.0"

figures@^3.2.0:
  version "3.2.0"
  resolved "https://registry.npmmirror.com/figures/-/figures-3.2.0.tgz#625c18bd293c604dc4a8ddb2febf0c88341746af"
  integrity sha1-YlwYvSk8YE3EqN2y/r8MiDQXRq8=
  dependencies:
    escape-string-regexp "^1.0.5"

foy@^0.2.5:
  version "0.2.5"
  resolved "https://registry.npmmirror.com/foy/-/foy-0.2.5.tgz?cache=0&sync_timestamp=1621475166591&other_urls=https%3A%2F%2Fregistry.npmmirror.com%2Ffoy%2Fdownload%2Ffoy-0.2.5.tgz#239cb55d8376e9bd8eb31de737e84460b3bd9bfa"
  integrity sha1-I5y1XYN26b2Osx3nN+hEYLO9m/o=
  dependencies:
    cac "^6.6.1"
    chalk "^4.1.0"
    cli-spinners "^2.4.0"
    execa "^4.0.3"
    figures "^3.2.0"
    shell-parser "^1.0.0"
    strip-ansi "^6.0.0"
    tslib "^2.0.1"
    wcwidth "^1.0.1"

get-stream@^5.0.0:
  version "5.2.0"
  resolved "https://registry.npmmirror.com/get-stream/-/get-stream-5.2.0.tgz?cache=0&sync_timestamp=1618462652134&other_urls=https%3A%2F%2Fregistry.npmmirror.com%2Fget-stream%2Fdownload%2Fget-stream-5.2.0.tgz#4966a1795ee5ace65e706c4b7beb71257d6e22d3"
  integrity sha1-SWaheV7lrOZecGxLe+txJX1uItM=
  dependencies:
    pump "^3.0.0"

has-flag@^4.0.0:
  version "4.0.0"
  resolved "https://registry.npmmirror.com/has-flag/-/has-flag-4.0.0.tgz#944771fd9c81c81265c4d6941860da06bb59479b"
  integrity sha1-lEdx/ZyByBJlxNaUGGDaBrtZR5s=

human-signals@^1.1.1:
  version "1.1.1"
  resolved "https://registry.npmmirror.com/human-signals/-/human-signals-1.1.1.tgz#c5b1cd14f50aeae09ab6c59fe63ba3395fe4dfa3"
  integrity sha1-xbHNFPUK6uCatsWf5jujOV/k36M=

is-stream@^2.0.0:
  version "2.0.0"
  resolved "https://registry.npmmirror.com/is-stream/-/is-stream-2.0.0.tgz#bde9c32680d6fae04129d6ac9d921ce7815f78e3"
  integrity sha1-venDJoDW+uBBKdasnZIc54FfeOM=

isexe@^2.0.0:
  version "2.0.0"
  resolved "https://registry.npmmirror.com/isexe/-/isexe-2.0.0.tgz#e8fbf374dc556ff8947a10dcb0572d633f2cfa10"
  integrity sha1-6PvzdNxVb/iUehDcsFctYz8s+hA=

make-error@^1.1.1:
  version "1.3.6"
  resolved "https://registry.npmmirror.com/make-error/-/make-error-1.3.6.tgz?cache=0&sync_timestamp=1582105487630&other_urls=https%3A%2F%2Fregistry.npmmirror.com%2Fmake-error%2Fdownload%2Fmake-error-1.3.6.tgz#2eb2e37ea9b67c4891f684a1394799af484cf7a2"
  integrity sha1-LrLjfqm2fEiR9oShOUeZr0hM96I=

merge-stream@^2.0.0:
  version "2.0.0"
  resolved "https://registry.npmmirror.com/merge-stream/-/merge-stream-2.0.0.tgz#52823629a14dd00c9770fb6ad47dc6310f2c1f60"
  integrity sha1-UoI2KaFN0AyXcPtq1H3GMQ8sH2A=

mimic-fn@^2.1.0:
  version "2.1.0"
  resolved "https://registry.npmmirror.com/mimic-fn/-/mimic-fn-2.1.0.tgz?cache=0&sync_timestamp=1617823635917&other_urls=https%3A%2F%2Fregistry.npmmirror.com%2Fmimic-fn%2Fdownload%2Fmimic-fn-2.1.0.tgz#7ed2c2ccccaf84d3ffcb7a69b57711fc2083401b"
  integrity sha1-ftLCzMyvhNP/y3pptXcR/CCDQBs=

npm-run-path@^4.0.0:
  version "4.0.1"
  resolved "https://registry.npmmirror.com/npm-run-path/-/npm-run-path-4.0.1.tgz#b7ecd1e5ed53da8e37a55e1c2269e0b97ed748ea"
  integrity sha1-t+zR5e1T2o43pV4cImnguX7XSOo=
  dependencies:
    path-key "^3.0.0"

once@^1.3.1, once@^1.4.0:
  version "1.4.0"
  resolved "https://registry.npmmirror.com/once/-/once-1.4.0.tgz#583b1aa775961d4b113ac17d9c50baef9dd76bd1"
  integrity sha1-WDsap3WWHUsROsF9nFC6753Xa9E=
  dependencies:
    wrappy "1"

onetime@^5.1.0:
  version "5.1.2"
  resolved "https://registry.npmmirror.com/onetime/-/onetime-5.1.2.tgz?cache=0&sync_timestamp=1617889842663&other_urls=https%3A%2F%2Fregistry.npmmirror.com%2Fonetime%2Fdownload%2Fonetime-5.1.2.tgz#d0e96ebb56b07476df1dd9c4806e5237985ca45e"
  integrity sha1-0Oluu1awdHbfHdnEgG5SN5hcpF4=
  dependencies:
    mimic-fn "^2.1.0"

path-key@^3.0.0, path-key@^3.1.0:
  version "3.1.1"
  resolved "https://registry.npmmirror.com/path-key/-/path-key-3.1.1.tgz#581f6ade658cbba65a0d3380de7753295054f375"
  integrity sha1-WB9q3mWMu6ZaDTOA3ndTKVBU83U=

pump@^3.0.0:
  version "3.0.0"
  resolved "https://registry.npmmirror.com/pump/-/pump-3.0.0.tgz#b4a2116815bde2f4e1ea602354e8c75565107a64"
  integrity sha1-tKIRaBW94vTh6mAjVOjHVWUQemQ=
  dependencies:
    end-of-stream "^1.1.0"
    once "^1.3.1"

shebang-command@^2.0.0:
  version "2.0.0"
  resolved "https://registry.npmmirror.com/shebang-command/-/shebang-command-2.0.0.tgz#ccd0af4f8835fbdc265b82461aaf0c36663f34ea"
  integrity sha1-zNCvT4g1+9wmW4JGGq8MNmY/NOo=
  dependencies:
    shebang-regex "^3.0.0"

shebang-regex@^3.0.0:
  version "3.0.0"
  resolved "https://registry.npmmirror.com/shebang-regex/-/shebang-regex-3.0.0.tgz#ae16f1644d873ecad843b0307b143362d4c42172"
  integrity sha1-rhbxZE2HPsrYQ7AwexQzYtTEIXI=

shell-parser@^1.0.0:
  version "1.0.0"
  resolved "https://registry.npmmirror.com/shell-parser/-/shell-parser-1.0.0.tgz#fa5df05622ecb7cb3f395e0c9e7a44c86e1349be"
  integrity sha1-+l3wViLst8s/OV4MnnpEyG4TSb4=

signal-exit@^3.0.2:
  version "3.0.3"
  resolved "https://registry.npmmirror.com/signal-exit/-/signal-exit-3.0.3.tgz#a1410c2edd8f077b08b4e253c8eacfcaf057461c"
  integrity sha1-oUEMLt2PB3sItOJTyOrPyvBXRhw=

source-map-support@^0.5.17:
  version "0.5.19"
  resolved "https://registry.npmmirror.com/source-map-support/-/source-map-support-0.5.19.tgz?cache=0&other_urls=https%3A%2F%2Fregistry.npmmirror.com%2Fsource-map-support%2Fdownload%2Fsource-map-support-0.5.19.tgz#a98b62f86dcaf4f67399648c085291ab9e8fed61"
  integrity sha1-qYti+G3K9PZzmWSMCFKRq56P7WE=
  dependencies:
    buffer-from "^1.0.0"
    source-map "^0.6.0"

source-map@^0.6.0:
  version "0.6.1"
  resolved "https://registry.npmmirror.com/source-map/-/source-map-0.6.1.tgz#74722af32e9614e9c287a8d0bbde48b5e2f1a263"
  integrity sha1-dHIq8y6WFOnCh6jQu95IteLxomM=

strip-ansi@^6.0.0:
  version "6.0.0"
  resolved "https://registry.npmmirror.com/strip-ansi/-/strip-ansi-6.0.0.tgz#0b1571dd7669ccd4f3e06e14ef1eed26225ae532"
  integrity sha1-CxVx3XZpzNTz4G4U7x7tJiJa5TI=
  dependencies:
    ansi-regex "^5.0.0"

strip-final-newline@^2.0.0:
  version "2.0.0"
  resolved "https://registry.npmmirror.com/strip-final-newline/-/strip-final-newline-2.0.0.tgz#89b852fb2fcbe936f6f4b3187afb0a12c1ab58ad"
  integrity sha1-ibhS+y/L6Tb29LMYevsKEsGrWK0=

supports-color@^7.1.0:
  version "7.2.0"
  resolved "https://registry.npmmirror.com/supports-color/-/supports-color-7.2.0.tgz?cache=0&sync_timestamp=1611394043517&other_urls=https%3A%2F%2Fregistry.npmmirror.com%2Fsupports-color%2Fdownload%2Fsupports-color-7.2.0.tgz#1b7dcdcb32b8138801b3e478ba6a51caa89648da"
  integrity sha1-G33NyzK4E4gBs+R4umpRyqiWSNo=
  dependencies:
    has-flag "^4.0.0"

ts-node@^9.1.1:
  version "9.1.1"
  resolved "https://registry.npmmirror.com/ts-node/-/ts-node-9.1.1.tgz?cache=0&sync_timestamp=1607350688066&other_urls=https%3A%2F%2Fregistry.npmmirror.com%2Fts-node%2Fdownload%2Fts-node-9.1.1.tgz#51a9a450a3e959401bda5f004a72d54b936d376d"
  integrity sha1-UamkUKPpWUAb2l8ASnLVS5NtN20=
  dependencies:
    arg "^4.1.0"
    create-require "^1.1.0"
    diff "^4.0.1"
    make-error "^1.1.1"
    source-map-support "^0.5.17"
    yn "3.1.1"

tslib@^2.0.1:
  version "2.2.0"
  resolved "https://registry.npmmirror.com/tslib/-/tslib-2.2.0.tgz?cache=0&sync_timestamp=1617647331485&other_urls=https%3A%2F%2Fregistry.npmmirror.com%2Ftslib%2Fdownload%2Ftslib-2.2.0.tgz#fb2c475977e35e241311ede2693cee1ec6698f5c"
  integrity sha1-+yxHWXfjXiQTEe3iaTzuHsZpj1w=

typescript@^4.2.2:
  version "4.2.3"
  resolved "https://registry.npmmirror.com/typescript/-/typescript-4.2.3.tgz#39062d8019912d43726298f09493d598048c1ce3"
  integrity sha1-OQYtgBmRLUNyYpjwlJPVmASMHOM=

wcwidth@^1.0.1:
  version "1.0.1"
  resolved "https://registry.npmmirror.com/wcwidth/-/wcwidth-1.0.1.tgz#f0b0dcf915bc5ff1528afadb2c0e17b532da2fe8"
  integrity sha1-8LDc+RW8X/FSivrbLA4XtTLaL+g=
  dependencies:
    defaults "^1.0.3"

which@^2.0.1:
  version "2.0.2"
  resolved "https://registry.npmmirror.com/which/-/which-2.0.2.tgz?cache=0&other_urls=https%3A%2F%2Fregistry.npmmirror.com%2Fwhich%2Fdownload%2Fwhich-2.0.2.tgz#7c6a8dd0a636a0327e10b59c9286eee93f3f51b1"
  integrity sha1-fGqN0KY2oDJ+ELWckobu6T8/UbE=
  dependencies:
    isexe "^2.0.0"

wrappy@1:
  version "1.0.2"
  resolved "https://registry.npmmirror.com/wrappy/-/wrappy-1.0.2.tgz#b5243d8f3ec1aa35f1364605bc0d1036e30ab69f"
  integrity sha1-tSQ9jz7BqjXxNkYFvA0QNuMKtp8=

yn@3.1.1:
  version "3.1.1"
  resolved "https://registry.npmmirror.com/yn/-/yn-3.1.1.tgz#1e87401a09d767c1d5eab26a6e4c185182d2eb50"
  integrity sha1-HodAGgnXZ8HV6rJqbkwYUYLS61A=
